<?xml version="1.0" encoding="utf-8"?>
<Project ToolsVersion="4.0" xmlns="http://schemas.microsoft.com/developer/msbuild/2003">
  <ItemGroup>
    <Filter Include="LogicLayer">
      <UniqueIdentifier>{3a351f0c-fd20-4bf4-b532-4c7f571fb401}</UniqueIdentifier>
    </Filter>
    <Filter Include="ApplicationLayer">
      <UniqueIdentifier>{3d00d8f1-c9e7-4900-9953-c3ab8a1c75b0}</UniqueIdentifier>
    </Filter>
    <Filter Include="ApplicationLayer\GameEngine">
      <UniqueIdentifier>{de06d529-8b9f-49d6-bf90-933a0c4112e5}</UniqueIdentifier>
    </Filter>
    <Filter Include="ApplicationLayer\Utils">
      <UniqueIdentifier>{7b57e6b5-d8fc-46b3-b271-93a0108906d4}</UniqueIdentifier>
    </Filter>
    <Filter Include="ApplicationLayer\Utils\Initialization">
      <UniqueIdentifier>{8fb90e8b-8162-4841-95ba-a9dd521db80a}</UniqueIdentifier>
    </Filter>
    <Filter Include="ApplicationLayer\GameApp">
      <UniqueIdentifier>{eaecc768-7edf-4c46-bdd0-ee2abd96bfca}</UniqueIdentifier>
    </Filter>
  </ItemGroup>
  <ItemGroup>
    <ClInclude Include="Source\ApplicationLayer\MemoryCheck.h">
      <Filter>ApplicationLayer\Utils</Filter>
    </ClInclude>
    <ClInclude Include="Source\ApplicationLayer\ResourceCache\ResHandle.h" />
    <ClInclude Include="Source\ApplicationLayer\ResourceCache\ResCache.h" />
    <ClInclude Include="Source\Helpers\utils.h" />
    <ClInclude Include="Source\const.h" />
    <ClInclude Include="Source\macros.h" />
    <ClInclude Include="Source\pch.h" />
    <ClInclude Include="Source\types.h" />
    <ClInclude Include="Source\Helpers\Concurrency\CriticalSection.h" />
    <ClInclude Include="Source\Helpers\Logger\Logger.h" />
    <ClInclude Include="Source\Helpers\Logger\LoggingManager.h" />
    <ClInclude Include="Source\Helpers\Functions.h" />
    <ClInclude Include="Source\GameViewLayer\InputHandlers\interfaces.h" />
    <ClInclude Include="Source\Dependencies\LuaPlus\tilde\HostConfig.h" />
    <ClInclude Include="Source\Dependencies\LuaPlus\tilde\LuaDebugger.h" />
    <ClInclude Include="Source\Dependencies\LuaPlus\tilde\LuaDebuggerComms.h" />
    <ClInclude Include="Source\Dependencies\LuaPlus\tilde\LuaDebuggerHost.h" />
    <ClInclude Include="Source\Dependencies\LuaPlus\tilde\LuaDebuggerProtocol.h" />
    <ClInclude Include="Source\Dependencies\LuaPlus\tilde\LuaHostWindows.h" />
    <ClInclude Include="Source\Dependencies\LuaPlus\tilde\LuaTilde.h" />
    <ClInclude Include="Source\Dependencies\LuaPlus\tilde\ReceiveMessageBuffer.h" />
    <ClInclude Include="Source\Dependencies\LuaPlus\tilde\SendMessageBuffer.h" />
    <ClInclude Include="Source\Dependencies\LuaPlus\Lua53\lapi.h" />
    <ClInclude Include="Source\Dependencies\LuaPlus\Lua53\lauxlib.h" />
    <ClInclude Include="Source\Dependencies\LuaPlus\Lua53\lcode.h" />
    <ClInclude Include="Source\Dependencies\LuaPlus\Lua53\lctype.h" />
    <ClInclude Include="Source\Dependencies\LuaPlus\Lua53\ldebug.h" />
    <ClInclude Include="Source\Dependencies\LuaPlus\Lua53\ldo.h" />
    <ClInclude Include="Source\Dependencies\LuaPlus\Lua53\lfunc.h" />
    <ClInclude Include="Source\Dependencies\LuaPlus\Lua53\lgc.h" />
    <ClInclude Include="Source\Dependencies\LuaPlus\Lua53\llex.h" />
    <ClInclude Include="Source\Dependencies\LuaPlus\Lua53\llimits.h" />
    <ClInclude Include="Source\Dependencies\LuaPlus\Lua53\lmem.h" />
    <ClInclude Include="Source\Dependencies\LuaPlus\Lua53\lobject.h" />
    <ClInclude Include="Source\Dependencies\LuaPlus\Lua53\lopcodes.h" />
    <ClInclude Include="Source\Dependencies\LuaPlus\Lua53\lparser.h" />
    <ClInclude Include="Source\Dependencies\LuaPlus\Lua53\lprefix.h" />
    <ClInclude Include="Source\Dependencies\LuaPlus\Lua53\lstate.h" />
    <ClInclude Include="Source\Dependencies\LuaPlus\Lua53\lstring.h" />
    <ClInclude Include="Source\Dependencies\LuaPlus\Lua53\ltable.h" />
    <ClInclude Include="Source\Dependencies\LuaPlus\Lua53\ltm.h" />
    <ClInclude Include="Source\Dependencies\LuaPlus\Lua53\lua.h" />
    <ClInclude Include="Source\Dependencies\LuaPlus\Lua53\lua.hpp" />
    <ClInclude Include="Source\Dependencies\LuaPlus\Lua53\lundump.h" />
    <ClInclude Include="Source\Dependencies\LuaPlus\Lua53\lvm.h" />
    <ClInclude Include="Source\Dependencies\LuaPlus\Lua53\lzio.h" />
    <ClInclude Include="Source\Dependencies\LuaPlus\Lua53\luaconf.h" />
    <ClInclude Include="Source\Dependencies\LuaPlus\LuaPlus\LuaAutoBlock.h" />
    <ClInclude Include="Source\Dependencies\LuaPlus\LuaPlus\LuaCall.h" />
    <ClInclude Include="Source\Dependencies\LuaPlus\LuaPlus\LuaFunction.h" />
    <ClInclude Include="Source\Dependencies\LuaPlus\LuaPlus\LuaHelper.h" />
    <ClInclude Include="Source\Dependencies\LuaPlus\LuaPlus\LuaHelper_Object.h" />
    <ClInclude Include="Source\Dependencies\LuaPlus\LuaPlus\LuaHelper_StackObject.h" />
    <ClInclude Include="Source\Dependencies\LuaPlus\LuaPlus\LuaObject.h" />
    <ClInclude Include="Source\Dependencies\LuaPlus\LuaPlus\LuaPlus.h" />
    <ClInclude Include="Source\Dependencies\LuaPlus\LuaPlus\LuaPlusCD.h" />
    <ClInclude Include="Source\Dependencies\LuaPlus\LuaPlus\LuaPlusConfig.h" />
    <ClInclude Include="Source\Dependencies\LuaPlus\LuaPlus\LuaPlusInternal.h" />
    <ClInclude Include="Source\Dependencies\LuaPlus\LuaPlus\LuaStackObject.h" />
    <ClInclude Include="Source\Dependencies\LuaPlus\LuaPlus\LuaStackTableIterator.h" />
    <ClInclude Include="Source\Dependencies\LuaPlus\LuaPlus\LuaState.h" />
    <ClInclude Include="Source\Dependencies\LuaPlus\LuaPlus\LuaStateCD.h" />
    <ClInclude Include="Source\Dependencies\LuaPlus\LuaPlus\LuaStateOutFile.h" />
    <ClInclude Include="Source\Dependencies\LuaPlus\LuaPlus\LuaStateOutString.h" />
    <ClInclude Include="Source\Dependencies\LuaPlus\LuaPlus\LuaTableIterator.h" />
    <ClInclude Include="Source\Dependencies\LuaPlus\Lua53\lualib.h" />
    <ClInclude Include="Source\Helpers\String\String.h" />
    <ClInclude Include="Source\Dependencies\DirectX12\d3dx12.h" />
    <ClInclude Include="Source\Helpers\Timer\SystemTime.h" />
    <ClInclude Include="Source\Helpers\Timer\Timer.h" />
    <ClInclude Include="Source\GameLogicLayer\Game.h" />
    <ClInclude Include="Source\GameViewLayer\GameView.h" />
    <ClInclude Include="Source\GameViewLayer\Interfaces\Enums.h" />
    <ClInclude Include="Source\GameViewLayer\Interfaces\IGameView.h" />
    <ClInclude Include="Source\GameViewLayer\UserInterface\HumanView.h" />
    <ClInclude Include="Source\GameViewLayer\UserInterface\Console.h" />
    <ClInclude Include="Source\Helpers\Geometry\Point.h" />
    <ClInclude Include="Source\GameViewLayer\Interfaces\InputHandlers.h" />
    <ClInclude Include="Source\GameViewLayer\OutputHandlers\WindowManager.h" />
    <ClInclude Include="Source\GameViewLayer\InputHandlers\Controller.h" />
    <ClInclude Include="Source\GameViewLayer\GraphicsEngines\IGraphicsEngine.h" />
    <ClInclude Include="Source\Helpers\ZipFile\ZipFile.h" />
    <ClInclude Include="Source\GameApplicationLayer\Modules\Actors\Components\BaseScriptComponent.h" />
    <ClInclude Include="Source\GameApplicationLayer\Modules\Actors\Pickups\AmmoPickup.h" />
    <ClInclude Include="Source\GameApplicationLayer\Modules\Actors\Pickups\HealthPickup.h" />
    <ClInclude Include="Source\GameApplicationLayer\Modules\Actors\Pickups\PickupInterface.h" />
    <ClInclude Include="Source\GameApplicationLayer\Modules\Actors\Actor.h" />
    <ClInclude Include="Source\GameApplicationLayer\Modules\Actors\ActorComponent.h" />
    <ClInclude Include="Source\GameApplicationLayer\Modules\Actors\ActorFactory.h" />
    <ClInclude Include="Source\GameApplicationLayer\Modules\AudioSystem\SoundProcess\SoundProcess.h" />
    <ClInclude Include="Source\GameApplicationLayer\Modules\AudioSystem\SoundResource\ResourceData\SoundResourceData.h" />
    <ClInclude Include="Source\GameApplicationLayer\Modules\AudioSystem\SoundResource\ResourceLoaders\OGG\Vorbis.h" />
    <ClInclude Include="Source\GameApplicationLayer\Modules\AudioSystem\SoundResource\ResourceLoaders\OGGResourceLoader.h" />
    <ClInclude Include="Source\GameApplicationLayer\Modules\AudioSystem\SoundResource\ResourceLoaders\WaveResourceLoader.h" />
    <ClInclude Include="Source\GameApplicationLayer\Modules\AudioSystem\XAudio2\XAudioBuffer.h" />
    <ClInclude Include="Source\GameApplicationLayer\Modules\AudioSystem\XAudio2\XAudioManager.h" />
    <ClInclude Include="Source\GameApplicationLayer\Modules\AudioSystem\Audio.h" />
    <ClInclude Include="Source\GameApplicationLayer\Modules\AudioSystem\IAudioBuffer.h" />
    <ClInclude Include="Source\GameApplicationLayer\Modules\AudioSystem\IAudioManager.h" />
    <ClInclude Include="Source\GameApplicationLayer\Modules\EventSystem\BaseEventData.h" />
    <ClInclude Include="Source\GameApplicationLayer\Modules\EventSystem\EventManager.h" />
    <ClInclude Include="Source\GameApplicationLayer\Modules\EventSystem\IEventData.h" />
    <ClInclude Include="Source\GameApplicationLayer\Modules\LuaScriptingSystem\ScriptEventSystem\ScriptEvent.h" />
    <ClInclude Include="Source\GameApplicationLayer\Modules\LuaScriptingSystem\ScriptEventSystem\ScriptEventListener.h" />
    <ClInclude Include="Source\GameApplicationLayer\Modules\LuaScriptingSystem\ScriptEventSystem\ScriptEventListenerManager.h" />
    <ClInclude Include="Source\GameApplicationLayer\Modules\LuaScriptingSystem\ScriptProcessSystem\ScriptProcess.h" />
    <ClInclude Include="Source\GameApplicationLayer\Modules\LuaScriptingSystem\LuaStateManager.h" />
    <ClInclude Include="Source\GameApplicationLayer\Modules\LuaScriptingSystem\ScriptsExports.h" />
    <ClInclude Include="Source\GameApplicationLayer\Modules\MainLoop\Process.h" />
    <ClInclude Include="Source\GameApplicationLayer\Modules\MainLoop\ProcessManager.h" />
    <ClInclude Include="Source\GameApplicationLayer\Modules\ResourceCache\ResourceData\IResourceData.h" />
    <ClInclude Include="Source\GameApplicationLayer\Modules\ResourceCache\ResourceData\XMLResourceData.h" />
    <ClInclude Include="Source\GameApplicationLayer\Modules\ResourceCache\ResourceFiles\IResourceFile.h" />
    <ClInclude Include="Source\GameApplicationLayer\Modules\ResourceCache\ResourceFiles\ResourceZipFile.h" />
    <ClInclude Include="Source\GameApplicationLayer\Modules\ResourceCache\ResourceLoaders\DefaultResourceLoader.h" />
    <ClInclude Include="Source\GameApplicationLayer\Modules\ResourceCache\ResourceLoaders\IResourceLoader.h" />
    <ClInclude Include="Source\GameApplicationLayer\Modules\ResourceCache\ResourceLoaders\XMLResourceLoader.h" />
    <ClInclude Include="Source\GameApplicationLayer\Modules\ResourceCache\Resource.h" />
    <ClInclude Include="Source\GameApplicationLayer\Modules\ResourceCache\ResourceCache.h" />
    <ClInclude Include="Source\GameApplicationLayer\Modules\ResourceCache\ResourceHandle.h" />
    <ClInclude Include="Source\GameApplicationLayer\Modules\Actors.h" />
    <ClInclude Include="Source\GameApplicationLayer\Modules\AudioSystem.h" />
    <ClInclude Include="Source\GameApplicationLayer\Modules\EventSystem.h" />
    <ClInclude Include="Source\GameApplicationLayer\Modules\Initialization.h" />
    <ClInclude Include="Source\GameApplicationLayer\Modules\LuaScriptingSystem.h" />
    <ClInclude Include="Source\GameApplicationLayer\Modules\ProcessSystem.h" />
    <ClInclude Include="Source\GameApplicationLayer\Modules\ResourceCache.h" />
    <ClInclude Include="Source\GameApplicationLayer\GameApp.h" />
    <ClInclude Include="Source\dx12pch.h" />
    <ClInclude Include="Source\Helpers\Settings\Settings.h" />
    <ClInclude Include="Source\Helpers\Concurrency\Asynchronous.h" />
    <ClInclude Include="Source\GameViewLayer\GraphicsElements\Mesh.h" />
    <ClInclude Include="Source\Helpers\Concepts\concepts.h" />
    <ClInclude Include="Source\GameViewLayer\GraphicsElements\Material.h" />
    <ClInclude Include="Source\GameViewLayer\GraphicsElements\Object.h" />
    <ClInclude Include="Source\GameViewLayer\GraphicsElements\IRendered.h" />
    <ClInclude Include="Source\GameViewLayer\GraphicsElements\Light.h" />
    <ClInclude Include="Source\GameViewLayer\GraphicsElements\World.h" />
    <ClInclude Include="Source\GameViewLayer\GraphicsElements\Texture.h" />
    <ClInclude Include="Source\GameViewLayer\GraphicsEngines\DX12\Common\DeviceResources.h" />
    <ClInclude Include="Source\GameViewLayer\GraphicsEngines\DX12\Common\ThrowIfFailed.h" />
    <ClInclude Include="Source\GameViewLayer\GraphicsEngines\DX12\DX12Engine.h" />
    <ClInclude Include="Source\GameViewLayer\GraphicsEngines\DX12\Common\Pix.h" />
    <ClInclude Include="Source\GameViewLayer\GraphicsEngines\DX12\Helpers\Shaders\HLSLShaders.h" />
    <ClInclude Include="Source\GameViewLayer\GraphicsEngines\DX12\Helpers\Shaders\PipelineStageShader.h" />
    <ClInclude Include="Source\GameViewLayer\GraphicsEngines\DX12\Helpers\Camera\Camera.h" />
  </ItemGroup>
  <ItemGroup>
    <ClCompile Include="Source\pch.cpp" />
    <ClCompile Include="Source\Helpers\Concurrency\CriticalSection.cpp" />
    <ClCompile Include="Source\Helpers\Logger\Logger.cpp" />
    <ClCompile Include="Source\Helpers\Logger\LoggingManager.cpp" />
    <ClCompile Include="Source\GameLogicLayer\Main.cpp" />
    <ClCompile Include="Source\Helpers\Functions.cpp" />
    <ClCompile Include="Source\Dependencies\LuaPlus\tilde\HostConfig.cpp" />
    <ClCompile Include="Source\Dependencies\LuaPlus\tilde\LuaDebugger.cpp" />
    <ClCompile Include="Source\Dependencies\LuaPlus\tilde\LuaDebuggerComms.cpp" />
    <ClCompile Include="Source\Dependencies\LuaPlus\tilde\LuaHostWindows.cpp" />
    <ClCompile Include="Source\Dependencies\LuaPlus\tilde\LuaTilde.cpp" />
    <ClCompile Include="Source\Dependencies\LuaPlus\Lua53\lapi.c" />
    <ClCompile Include="Source\Dependencies\LuaPlus\Lua53\lauxlib.c" />
    <ClCompile Include="Source\Dependencies\LuaPlus\Lua53\lbaselib.c" />
    <ClCompile Include="Source\Dependencies\LuaPlus\Lua53\lbitlib.c" />
    <ClCompile Include="Source\Dependencies\LuaPlus\Lua53\lcode.c" />
    <ClCompile Include="Source\Dependencies\LuaPlus\Lua53\lcorolib.c" />
    <ClCompile Include="Source\Dependencies\LuaPlus\Lua53\lctype.c" />
    <ClCompile Include="Source\Dependencies\LuaPlus\Lua53\ldblib.c" />
    <ClCompile Include="Source\Dependencies\LuaPlus\Lua53\ldebug.c" />
    <ClCompile Include="Source\Dependencies\LuaPlus\Lua53\ldo.c" />
    <ClCompile Include="Source\Dependencies\LuaPlus\Lua53\ldump.c" />
    <ClCompile Include="Source\Dependencies\LuaPlus\Lua53\lfunc.c" />
    <ClCompile Include="Source\Dependencies\LuaPlus\Lua53\lgc.c" />
    <ClCompile Include="Source\Dependencies\LuaPlus\Lua53\linit.c" />
    <ClCompile Include="Source\Dependencies\LuaPlus\Lua53\liolib.c" />
    <ClCompile Include="Source\Dependencies\LuaPlus\Lua53\llex.c" />
    <ClCompile Include="Source\Dependencies\LuaPlus\Lua53\lmathlib.c" />
    <ClCompile Include="Source\Dependencies\LuaPlus\Lua53\lmem.c" />
    <ClCompile Include="Source\Dependencies\LuaPlus\Lua53\loadlib.c" />
    <ClCompile Include="Source\Dependencies\LuaPlus\Lua53\lobject.c" />
    <ClCompile Include="Source\Dependencies\LuaPlus\Lua53\lopcodes.c" />
    <ClCompile Include="Source\Dependencies\LuaPlus\Lua53\loslib.c" />
    <ClCompile Include="Source\Dependencies\LuaPlus\Lua53\lparser.c" />
    <ClCompile Include="Source\Dependencies\LuaPlus\Lua53\lstate.c" />
    <ClCompile Include="Source\Dependencies\LuaPlus\Lua53\lstring.c" />
    <ClCompile Include="Source\Dependencies\LuaPlus\Lua53\lstrlib.c" />
    <ClCompile Include="Source\Dependencies\LuaPlus\Lua53\ltable.c" />
    <ClCompile Include="Source\Dependencies\LuaPlus\Lua53\ltablib.c" />
    <ClCompile Include="Source\Dependencies\LuaPlus\Lua53\ltm.c" />
    <ClCompile Include="Source\Dependencies\LuaPlus\Lua53\lua.c" />
    <ClCompile Include="Source\Dependencies\LuaPlus\Lua53\lundump.c" />
    <ClCompile Include="Source\Dependencies\LuaPlus\Lua53\lutf8lib.c" />
    <ClCompile Include="Source\Dependencies\LuaPlus\Lua53\lvm.c" />
    <ClCompile Include="Source\Dependencies\LuaPlus\Lua53\lzio.c" />
    <ClCompile Include="Source\Dependencies\LuaPlus\LuaPlus\LuaPlus.cpp" />
    <ClCompile Include="Source\Dependencies\LuaPlus\LuaPlus\LuaPlusAddons.c" />
    <ClCompile Include="Source\Dependencies\LuaPlus\LuaPlus\LuaState_DumpObject.cpp" />
    <ClCompile Include="Source\Helpers\String\String.cpp" />
    <ClCompile Include="Source\Helpers\Timer\Timer.cpp" />
    <ClCompile Include="Source\GameViewLayer\OutputHandlers\WindowProcedure.cpp" />
    <ClCompile Include="Source\GameLogicLayer\Game.cpp" />
    <ClCompile Include="Source\GameViewLayer\UserInterface\HumanView.cpp" />
    <ClCompile Include="Source\GameViewLayer\OutputHandlers\WindowManager.cpp" />
    <ClCompile Include="Source\GameViewLayer\InputHandlers\Controller.cpp" />
    <ClCompile Include="Source\Helpers\ZipFile\ZipFile.cpp" />
    <ClCompile Include="Source\GameApplicationLayer\Modules\Actors\Pickups\AmmoPickup.cpp" />
    <ClCompile Include="Source\GameApplicationLayer\Modules\Actors\Pickups\HealthPickup.cpp" />
    <ClCompile Include="Source\GameApplicationLayer\Modules\Actors\Actor.cpp" />
    <ClCompile Include="Source\GameApplicationLayer\Modules\Actors\ActorFactory.cpp" />
    <ClCompile Include="Source\GameApplicationLayer\Modules\AudioSystem\SoundProcess\SoundProcess.cpp" />
    <ClCompile Include="Source\GameApplicationLayer\Modules\AudioSystem\SoundResource\ResourceLoaders\OGGResourceLoader.cpp" />
    <ClCompile Include="Source\GameApplicationLayer\Modules\AudioSystem\SoundResource\ResourceLoaders\WaveResourceLoader.cpp" />
    <ClCompile Include="Source\GameApplicationLayer\Modules\AudioSystem\XAudio2\XAudioBuffer.cpp" />
    <ClCompile Include="Source\GameApplicationLayer\Modules\AudioSystem\XAudio2\XAudioManager.cpp" />
    <ClCompile Include="Source\GameApplicationLayer\Modules\AudioSystem\IAudioManager.cpp" />
    <ClCompile Include="Source\GameApplicationLayer\Modules\EventSystem\EventManager.cpp" />
    <ClCompile Include="Source\GameApplicationLayer\Modules\Initialization\CheckCPUSpeed.cpp" />
    <ClCompile Include="Source\GameApplicationLayer\Modules\Initialization\CheckMemory.cpp" />
    <ClCompile Include="Source\GameApplicationLayer\Modules\Initialization\CheckStorage.cpp" />
    <ClCompile Include="Source\GameApplicationLayer\Modules\Initialization\GetSaveGameDirectory.cpp" />
    <ClCompile Include="Source\GameApplicationLayer\Modules\Initialization\IsOnlyInstance.cpp" />
    <ClCompile Include="Source\GameApplicationLayer\Modules\LuaScriptingSystem\ScriptEventSystem\ScriptEvent.cpp" />
    <ClCompile Include="Source\GameApplicationLayer\Modules\LuaScriptingSystem\ScriptEventSystem\ScriptEventListener.cpp" />
    <ClCompile Include="Source\GameApplicationLayer\Modules\LuaScriptingSystem\ScriptEventSystem\ScriptEventListenerManager.cpp" />
    <ClCompile Include="Source\GameApplicationLayer\Modules\LuaScriptingSystem\ScriptProcessSystem\ScriptProcess.cpp" />
    <ClCompile Include="Source\GameApplicationLayer\Modules\LuaScriptingSystem\LuaStateManager.cpp" />
    <ClCompile Include="Source\GameApplicationLayer\Modules\LuaScriptingSystem\ScriptsExports.cpp" />
    <ClCompile Include="Source\GameApplicationLayer\Modules\MainLoop\Process.cpp" />
    <ClCompile Include="Source\GameApplicationLayer\Modules\MainLoop\ProcessManager.cpp" />
    <ClCompile Include="Source\GameApplicationLayer\Modules\ResourceCache\ResourceData\XMLResourceData.cpp" />
    <ClCompile Include="Source\GameApplicationLayer\Modules\ResourceCache\ResourceFiles\ResourceZipFile.cpp" />
    <ClCompile Include="Source\GameApplicationLayer\Modules\ResourceCache\ResourceLoaders\DefaultResourceLoader.cpp" />
    <ClCompile Include="Source\GameApplicationLayer\Modules\ResourceCache\ResourceLoaders\XMLResourceLoader.cpp" />
    <ClCompile Include="Source\GameApplicationLayer\Modules\ResourceCache\Resource.cpp" />
    <ClCompile Include="Source\GameApplicationLayer\Modules\ResourceCache\ResourceCache.cpp" />
    <ClCompile Include="Source\GameApplicationLayer\Modules\ResourceCache\ResourceHandle.cpp" />
    <ClCompile Include="Source\GameApplicationLayer\GameApp.cpp" />
    <ClCompile Include="Source\dx12pch.cpp" />
    <ClCompile Include="Source\GameViewLayer\GraphicsEngines\DX12\Common\DeviceResources.cpp" />
    <ClCompile Include="Source\GameViewLayer\GraphicsEngines\DX12\DX12Engine.cpp" />
    <ClCompile Include="Source\GameViewLayer\GraphicsEngines\DX12\Helpers\Shaders\PipelineStageShader.cpp" />
  </ItemGroup>
  <ItemGroup>
    <Xml Include="Game\settings.xml" />
  </ItemGroup>
  <ItemGroup>
    <None Include="README.md" />
    <None Include=".gitignore" />
    <None Include="CppProperties.json" />
    <None Include="LICENSE" />
    <None Include="Source\Dependencies\LuaPlus\LuaPlus\LuaCall.inl" />
    <None Include="Source\Dependencies\LuaPlus\LuaPlus\LuaObject.inl" />
    <None Include="Source\Dependencies\LuaPlus\LuaPlus\LuaStackObject.inl" />
    <None Include="Source\Dependencies\LuaPlus\LuaPlus\LuaStackTableIterator.inl" />
    <None Include="Source\Dependencies\LuaPlus\LuaPlus\LuaState.inl" />
    <None Include="cpp.hint" />
    <None Include="Source\GameApplicationLayer\Modules\ResourceCache\ResourceCache.inl" />
    <None Include="Game\mug.dae" />
    <None Include="Game\Shaders\lighting.hlsli" />
    <None Include="packages.config" />
  </ItemGroup>
  <ItemGroup>
    <FxCompile Include="Game\Shaders\main.hlsl" />
    <FxCompile Include="Game\Shaders\base.hlsl" />
  </ItemGroup>
  <ItemGroup>
    <Text Include="Game\vendeta.log" />
  </ItemGroup>
</Project>