<?xml version="1.0" encoding="utf-8"?>
<Project ToolsVersion="4.0" xmlns="http://schemas.microsoft.com/developer/msbuild/2003">
  <ItemGroup>
    <Filter Include="LogicLayer">
      <UniqueIdentifier>{3a351f0c-fd20-4bf4-b532-4c7f571fb401}</UniqueIdentifier>
    </Filter>
    <Filter Include="ApplicationLayer">
      <UniqueIdentifier>{3d00d8f1-c9e7-4900-9953-c3ab8a1c75b0}</UniqueIdentifier>
    </Filter>
    <Filter Include="ApplicationLayer\GameEngine">
      <UniqueIdentifier>{de06d529-8b9f-49d6-bf90-933a0c4112e5}</UniqueIdentifier>
    </Filter>
    <Filter Include="ApplicationLayer\Utils">
      <UniqueIdentifier>{7b57e6b5-d8fc-46b3-b271-93a0108906d4}</UniqueIdentifier>
    </Filter>
    <Filter Include="ApplicationLayer\Utils\Initialization">
      <UniqueIdentifier>{8fb90e8b-8162-4841-95ba-a9dd521db80a}</UniqueIdentifier>
    </Filter>
    <Filter Include="ApplicationLayer\GameApp">
      <UniqueIdentifier>{eaecc768-7edf-4c46-bdd0-ee2abd96bfca}</UniqueIdentifier>
    </Filter>
  </ItemGroup>
  <ItemGroup>
    <ClInclude Include="Source\ApplicationLayer\MemoryCheck.h">
      <Filter>ApplicationLayer\Utils</Filter>
    </ClInclude>
    <ClInclude Include="Source\ApplicationLayer\ResourceCache\ResHandle.h" />
    <ClInclude Include="Source\ApplicationLayer\ResourceCache\ResCache.h" />
    <ClInclude Include="Source\Helpers\utils.h" />
    <ClInclude Include="Source\const.h" />
    <ClInclude Include="Source\helpers.h" />
    <ClInclude Include="Source\macros.h" />
    <ClInclude Include="Source\pch.h" />
    <ClInclude Include="Source\types.h" />
    <ClInclude Include="Source\Helpers\Classes\noncopyable.h" />
    <ClInclude Include="Source\Helpers\Concurrency\CriticalSection.h" />
    <ClInclude Include="Source\Helpers\Logger\Logger.h" />
    <ClInclude Include="Source\Helpers\Logger\LoggingManager.h" />
    <ClInclude Include="Source\Helpers\ZipFile\ZipFile.h" />
    <ClInclude Include="Source\Helpers\Functions\functions.h" />
    <ClInclude Include="Source\ApplicationLayer\Modules\Initialization.h" />
    <ClInclude Include="Source\ApplicationLayer\Modules\ResourceCache.h" />
    <ClInclude Include="Source\ApplicationLayer\GameApp.h" />
    <ClInclude Include="Source\ApplicationLayer\Modules\ResourceCache\Resource.h" />
    <ClInclude Include="Source\ApplicationLayer\Modules\ResourceCache\ResourceData\IResourceData.h" />
    <ClInclude Include="Source\ApplicationLayer\Modules\ResourceCache\ResourceData\XMLResourceData.h" />
    <ClInclude Include="Source\ApplicationLayer\Modules\ResourceCache\ResourceFiles\IResourceFile.h" />
    <ClInclude Include="Source\ApplicationLayer\Modules\ResourceCache\ResourceFiles\ResourceZipFile.h" />
    <ClInclude Include="Source\ApplicationLayer\Modules\ResourceCache\ResourceLoaders\XMLResourceLoader.h" />
    <ClInclude Include="Source\ApplicationLayer\Modules\ResourceCache\ResourceLoaders\DefaultResourceLoader.h" />
    <ClInclude Include="Source\ApplicationLayer\Modules\ResourceCache\ResourceLoaders\IResourceLoader.h" />
    <ClInclude Include="Source\ApplicationLayer\Modules\ResourceCache\ResourceHandle.h" />
    <ClInclude Include="Source\ApplicationLayer\Modules\ResourceCache\ResourceCache.h" />
  </ItemGroup>
  <ItemGroup>
    <ClCompile Include="Source\pch.cpp" />
    <ClCompile Include="Source\Helpers\Classes\noncopyable.cpp" />
    <ClCompile Include="Source\Helpers\Concurrency\CriticalSection.cpp" />
    <ClCompile Include="Source\Helpers\Functions\ConvertANSIToUNICODE.cpp" />
    <ClCompile Include="Source\Helpers\Functions\SetMemoryChecks.cpp" />
    <ClCompile Include="Source\Helpers\Functions\StringToLower.cpp" />
    <ClCompile Include="Source\Helpers\Functions\WildcardMatch.cpp" />
    <ClCompile Include="Source\Helpers\Logger\Logger.cpp" />
    <ClCompile Include="Source\Helpers\Logger\LoggingManager.cpp" />
    <ClCompile Include="Source\Helpers\ZipFile\ZipFile.cpp" />
    <ClCompile Include="Source\ApplicationLayer\Modules\Initialization\CheckCPUSpeed.cpp" />
    <ClCompile Include="Source\ApplicationLayer\Modules\Initialization\CheckMemory.cpp" />
    <ClCompile Include="Source\ApplicationLayer\Modules\Initialization\CheckStorage.cpp" />
    <ClCompile Include="Source\ApplicationLayer\Modules\Initialization\GetSaveGameDirectory.cpp" />
    <ClCompile Include="Source\ApplicationLayer\Modules\Initialization\IsOnlyInstance.cpp" />
    <ClCompile Include="Source\ApplicationLayer\Modules\Initialization\Window.cpp" />
    <ClCompile Include="Source\ApplicationLayer\GameApp.cpp" />
    <ClCompile Include="Source\GameLogicLayer\Game.cpp" />
    <ClCompile Include="Source\ApplicationLayer\Modules\ResourceCache\Resource.cpp" />
    <ClCompile Include="Source\ApplicationLayer\Modules\ResourceCache\ResourceData\XMLResourceData.cpp" />
    <ClCompile Include="Source\ApplicationLayer\Modules\ResourceCache\ResourceFiles\ResourceZipFile.cpp" />
    <ClCompile Include="Source\ApplicationLayer\Modules\ResourceCache\ResourceLoaders\XMLResourceLoader.cpp" />
    <ClCompile Include="Source\ApplicationLayer\Modules\ResourceCache\ResourceCache.cpp" />
    <ClCompile Include="Source\ApplicationLayer\Modules\ResourceCache\ResourceHandle.cpp" />
  </ItemGroup>
  <ItemGroup>
    <Xml Include="Game\logging.xml" />
  </ItemGroup>
</Project>